// !$*UTF8*$!
{
	archiveVersion = 1;
	classes = {
	};
	objectVersion = 56;
	objects = {

/* Begin PBXBuildFile section */
		420577A22C5B80150056DE44 /* MainPresenter.swift in Sources */ = {isa = PBXBuildFile; fileRef = 420577A12C5B80150056DE44 /* MainPresenter.swift */; };
		427C4E4F2C4FC31900826465 /* NetworkService.swift in Sources */ = {isa = PBXBuildFile; fileRef = 427C4E4E2C4FC31900826465 /* NetworkService.swift */; };
		427C4E512C4FC36900826465 /* NetworkError.swift in Sources */ = {isa = PBXBuildFile; fileRef = 427C4E502C4FC36900826465 /* NetworkError.swift */; };
		427C4E542C4FC8EF00826465 /* UITextField + Ext.swift in Sources */ = {isa = PBXBuildFile; fileRef = 427C4E532C4FC8EF00826465 /* UITextField + Ext.swift */; };
		427C4E562C4FD51800826465 /* UIImageView + Ext.swift in Sources */ = {isa = PBXBuildFile; fileRef = 427C4E552C4FD51800826465 /* UIImageView + Ext.swift */; };
		427C4E582C4FD58300826465 /* UIButton + Ext.swift in Sources */ = {isa = PBXBuildFile; fileRef = 427C4E572C4FD58300826465 /* UIButton + Ext.swift */; };
		427C4E5A2C4FD6B200826465 /* UIStackView + Ext.swift in Sources */ = {isa = PBXBuildFile; fileRef = 427C4E592C4FD6B200826465 /* UIStackView + Ext.swift */; };
		427C4E5C2C500A9700826465 /* ListModel.swift in Sources */ = {isa = PBXBuildFile; fileRef = 427C4E5B2C500A9700826465 /* ListModel.swift */; };
		427C4E5E2C500BBB00826465 /* ImageModel.swift in Sources */ = {isa = PBXBuildFile; fileRef = 427C4E5D2C500BBB00826465 /* ImageModel.swift */; };
		429EFD9F2C60C71B00E04E90 /* .gitignore in Resources */ = {isa = PBXBuildFile; fileRef = 429EFD9E2C60C71B00E04E90 /* .gitignore */; };
		42A854F42C51018D005203C1 /* ViewControllerFactory.swift in Sources */ = {isa = PBXBuildFile; fileRef = 42A854F32C51018D005203C1 /* ViewControllerFactory.swift */; };
		42D196542C4FA84A00876D12 /* AppDelegate.swift in Sources */ = {isa = PBXBuildFile; fileRef = 42D196532C4FA84A00876D12 /* AppDelegate.swift */; };
		42D196562C4FA84A00876D12 /* SceneDelegate.swift in Sources */ = {isa = PBXBuildFile; fileRef = 42D196552C4FA84A00876D12 /* SceneDelegate.swift */; };
		42D196582C4FA84A00876D12 /* MainViewController.swift in Sources */ = {isa = PBXBuildFile; fileRef = 42D196572C4FA84A00876D12 /* MainViewController.swift */; };
		42D1965D2C4FA84D00876D12 /* Assets.xcassets in Resources */ = {isa = PBXBuildFile; fileRef = 42D1965C2C4FA84D00876D12 /* Assets.xcassets */; };
		42D196602C4FA84D00876D12 /* Base in Resources */ = {isa = PBXBuildFile; fileRef = 42D1965F2C4FA84D00876D12 /* Base */; };
		42D1966D2C4FAA0700876D12 /* MainView.swift in Sources */ = {isa = PBXBuildFile; fileRef = 42D1966C2C4FAA0700876D12 /* MainView.swift */; };
		42D1966F2C4FAB2D00876D12 /* ListImagesViewController.swift in Sources */ = {isa = PBXBuildFile; fileRef = 42D1966E2C4FAB2D00876D12 /* ListImagesViewController.swift */; };
		42E3E3E72C5136840011B6F6 /* MainViewController + Ext.swift in Sources */ = {isa = PBXBuildFile; fileRef = 42E3E3E62C5136840011B6F6 /* MainViewController + Ext.swift */; };
		42E4A7BC2C69F259005682DA /* UIViewController + Ext.swift in Sources */ = {isa = PBXBuildFile; fileRef = 42E4A7BB2C69F259005682DA /* UIViewController + Ext.swift */; };
		42FEEDC62C544AD60027E103 /* ListPresenter.swift in Sources */ = {isa = PBXBuildFile; fileRef = 42FEEDC52C544AD60027E103 /* ListPresenter.swift */; };
/* End PBXBuildFile section */

/* Begin PBXFileReference section */
		420577A12C5B80150056DE44 /* MainPresenter.swift */ = {isa = PBXFileReference; lastKnownFileType = sourcecode.swift; path = MainPresenter.swift; sourceTree = "<group>"; };
		427C4E4E2C4FC31900826465 /* NetworkService.swift */ = {isa = PBXFileReference; lastKnownFileType = sourcecode.swift; path = NetworkService.swift; sourceTree = "<group>"; };
		427C4E502C4FC36900826465 /* NetworkError.swift */ = {isa = PBXFileReference; lastKnownFileType = sourcecode.swift; path = NetworkError.swift; sourceTree = "<group>"; };
		427C4E532C4FC8EF00826465 /* UITextField + Ext.swift */ = {isa = PBXFileReference; lastKnownFileType = sourcecode.swift; path = "UITextField + Ext.swift"; sourceTree = "<group>"; };
		427C4E552C4FD51800826465 /* UIImageView + Ext.swift */ = {isa = PBXFileReference; lastKnownFileType = sourcecode.swift; path = "UIImageView + Ext.swift"; sourceTree = "<group>"; };
		427C4E572C4FD58300826465 /* UIButton + Ext.swift */ = {isa = PBXFileReference; lastKnownFileType = sourcecode.swift; path = "UIButton + Ext.swift"; sourceTree = "<group>"; };
		427C4E592C4FD6B200826465 /* UIStackView + Ext.swift */ = {isa = PBXFileReference; lastKnownFileType = sourcecode.swift; path = "UIStackView + Ext.swift"; sourceTree = "<group>"; };
		427C4E5B2C500A9700826465 /* ListModel.swift */ = {isa = PBXFileReference; lastKnownFileType = sourcecode.swift; path = ListModel.swift; sourceTree = "<group>"; };
		427C4E5D2C500BBB00826465 /* ImageModel.swift */ = {isa = PBXFileReference; lastKnownFileType = sourcecode.swift; path = ImageModel.swift; sourceTree = "<group>"; };
		429EFD9E2C60C71B00E04E90 /* .gitignore */ = {isa = PBXFileReference; fileEncoding = 4; lastKnownFileType = text; path = .gitignore; sourceTree = "<group>"; };
		42A854F32C51018D005203C1 /* ViewControllerFactory.swift */ = {isa = PBXFileReference; lastKnownFileType = sourcecode.swift; path = ViewControllerFactory.swift; sourceTree = "<group>"; };
		42D196502C4FA84A00876D12 /* YourMeme.app */ = {isa = PBXFileReference; explicitFileType = wrapper.application; includeInIndex = 0; path = YourMeme.app; sourceTree = BUILT_PRODUCTS_DIR; };
		42D196532C4FA84A00876D12 /* AppDelegate.swift */ = {isa = PBXFileReference; lastKnownFileType = sourcecode.swift; path = AppDelegate.swift; sourceTree = "<group>"; };
		42D196552C4FA84A00876D12 /* SceneDelegate.swift */ = {isa = PBXFileReference; lastKnownFileType = sourcecode.swift; path = SceneDelegate.swift; sourceTree = "<group>"; };
		42D196572C4FA84A00876D12 /* MainViewController.swift */ = {isa = PBXFileReference; lastKnownFileType = sourcecode.swift; path = MainViewController.swift; sourceTree = "<group>"; };
		42D1965C2C4FA84D00876D12 /* Assets.xcassets */ = {isa = PBXFileReference; lastKnownFileType = folder.assetcatalog; path = Assets.xcassets; sourceTree = "<group>"; };
		42D1965F2C4FA84D00876D12 /* Base */ = {isa = PBXFileReference; lastKnownFileType = file.storyboard; name = Base; path = Base.lproj/LaunchScreen.storyboard; sourceTree = "<group>"; };
		42D196612C4FA84D00876D12 /* Info.plist */ = {isa = PBXFileReference; lastKnownFileType = text.plist.xml; path = Info.plist; sourceTree = "<group>"; };
		42D1966C2C4FAA0700876D12 /* MainView.swift */ = {isa = PBXFileReference; lastKnownFileType = sourcecode.swift; path = MainView.swift; sourceTree = "<group>"; };
		42D1966E2C4FAB2D00876D12 /* ListImagesViewController.swift */ = {isa = PBXFileReference; lastKnownFileType = sourcecode.swift; path = ListImagesViewController.swift; sourceTree = "<group>"; };
		42E3E3E62C5136840011B6F6 /* MainViewController + Ext.swift */ = {isa = PBXFileReference; lastKnownFileType = sourcecode.swift; path = "MainViewController + Ext.swift"; sourceTree = "<group>"; };
		42E4A7BB2C69F259005682DA /* UIViewController + Ext.swift */ = {isa = PBXFileReference; lastKnownFileType = sourcecode.swift; path = "UIViewController + Ext.swift"; sourceTree = "<group>"; };
		42FEEDC52C544AD60027E103 /* ListPresenter.swift */ = {isa = PBXFileReference; lastKnownFileType = sourcecode.swift; path = ListPresenter.swift; sourceTree = "<group>"; };
/* End PBXFileReference section */

/* Begin PBXFrameworksBuildPhase section */
		42D1964D2C4FA84A00876D12 /* Frameworks */ = {
			isa = PBXFrameworksBuildPhase;
			buildActionMask = 2147483647;
			files = (
			);
			runOnlyForDeploymentPostprocessing = 0;
		};
/* End PBXFrameworksBuildPhase section */

/* Begin PBXGroup section */
		420577A02C5B80030056DE44 /* Presenter */ = {
			isa = PBXGroup;
			children = (
				420577A12C5B80150056DE44 /* MainPresenter.swift */,
			);
			path = Presenter;
			sourceTree = "<group>";
		};
		427C4E4D2C4FC2A000826465 /* NetworkService */ = {
			isa = PBXGroup;
			children = (
				427C4E502C4FC36900826465 /* NetworkError.swift */,
				427C4E4E2C4FC31900826465 /* NetworkService.swift */,
			);
			path = NetworkService;
			sourceTree = "<group>";
		};
		427C4E522C4FC8D000826465 /* Extensions */ = {
			isa = PBXGroup;
			children = (
				42E3E3E82C5137790011B6F6 /* Views */,
				42E3E3E92C5137840011B6F6 /* Controllers */,
			);
			path = Extensions;
			sourceTree = "<group>";
		};
		42A854F52C510333005203C1 /* Fuctory */ = {
			isa = PBXGroup;
			children = (
				42A854F32C51018D005203C1 /* ViewControllerFactory.swift */,
			);
			path = Fuctory;
			sourceTree = "<group>";
		};
		42B84CDD2C52F708006D9791 /* MainModule */ = {
			isa = PBXGroup;
			children = (
				42D1966B2C4FA9F000876D12 /* Views */,
				420577A02C5B80030056DE44 /* Presenter */,
			);
			path = MainModule;
			sourceTree = "<group>";
		};
		42D196472C4FA84A00876D12 = {
			isa = PBXGroup;
			children = (
				429EFD9E2C60C71B00E04E90 /* .gitignore */,
				42D196522C4FA84A00876D12 /* YourMeme */,
				42D196512C4FA84A00876D12 /* Products */,
			);
			sourceTree = "<group>";
		};
		42D196512C4FA84A00876D12 /* Products */ = {
			isa = PBXGroup;
			children = (
				42D196502C4FA84A00876D12 /* YourMeme.app */,
			);
			name = Products;
			sourceTree = "<group>";
		};
		42D196522C4FA84A00876D12 /* YourMeme */ = {
			isa = PBXGroup;
			children = (
				42D196672C4FA87700876D12 /* Application */,
				42A854F52C510333005203C1 /* Fuctory */,
				42E4A7BF2C6A8C4C005682DA /* Models */,
				42B84CDD2C52F708006D9791 /* MainModule */,
				42FEEDC32C544A8A0027E103 /* ListModule */,
				427C4E4D2C4FC2A000826465 /* NetworkService */,
				427C4E522C4FC8D000826465 /* Extensions */,
				42D196682C4FA88600876D12 /* SupportingFiles */,
			);
			path = YourMeme;
			sourceTree = "<group>";
		};
		42D196672C4FA87700876D12 /* Application */ = {
			isa = PBXGroup;
			children = (
				42D196532C4FA84A00876D12 /* AppDelegate.swift */,
				42D196552C4FA84A00876D12 /* SceneDelegate.swift */,
			);
			path = Application;
			sourceTree = "<group>";
		};
		42D196682C4FA88600876D12 /* SupportingFiles */ = {
			isa = PBXGroup;
			children = (
				42D1965E2C4FA84D00876D12 /* LaunchScreen.storyboard */,
				42D1965C2C4FA84D00876D12 /* Assets.xcassets */,
				42D196612C4FA84D00876D12 /* Info.plist */,
			);
			path = SupportingFiles;
			sourceTree = "<group>";
		};
		42D1966B2C4FA9F000876D12 /* Views */ = {
			isa = PBXGroup;
			children = (
				42D1966C2C4FAA0700876D12 /* MainView.swift */,
				42D196572C4FA84A00876D12 /* MainViewController.swift */,
			);
			path = Views;
			sourceTree = "<group>";
		};
		42E3E3E82C5137790011B6F6 /* Views */ = {
			isa = PBXGroup;
			children = (
				427C4E552C4FD51800826465 /* UIImageView + Ext.swift */,
				427C4E532C4FC8EF00826465 /* UITextField + Ext.swift */,
				427C4E572C4FD58300826465 /* UIButton + Ext.swift */,
				427C4E592C4FD6B200826465 /* UIStackView + Ext.swift */,
			);
			path = Views;
			sourceTree = "<group>";
		};
		42E3E3E92C5137840011B6F6 /* Controllers */ = {
			isa = PBXGroup;
			children = (
				42E4A7BB2C69F259005682DA /* UIViewController + Ext.swift */,
				42E3E3E62C5136840011B6F6 /* MainViewController + Ext.swift */,
			);
			path = Controllers;
			sourceTree = "<group>";
		};
		42E4A7BF2C6A8C4C005682DA /* Models */ = {
			isa = PBXGroup;
			children = (
				427C4E5B2C500A9700826465 /* ListModel.swift */,
				427C4E5D2C500BBB00826465 /* ImageModel.swift */,
			);
			path = Models;
			sourceTree = "<group>";
		};
		42FEEDC22C544A720027E103 /* Presenter */ = {
			isa = PBXGroup;
			children = (
				42FEEDC52C544AD60027E103 /* ListPresenter.swift */,
			);
			path = Presenter;
			sourceTree = "<group>";
		};
		42FEEDC32C544A8A0027E103 /* ListModule */ = {
			isa = PBXGroup;
			children = (
				42FEEDC72C544B8B0027E103 /* View */,
				42FEEDC22C544A720027E103 /* Presenter */,
			);
			path = ListModule;
			sourceTree = "<group>";
		};
		42FEEDC72C544B8B0027E103 /* View */ = {
			isa = PBXGroup;
			children = (
				42D1966E2C4FAB2D00876D12 /* ListImagesViewController.swift */,
			);
			path = View;
			sourceTree = "<group>";
		};
/* End PBXGroup section */

/* Begin PBXNativeTarget section */
		42D1964F2C4FA84A00876D12 /* YourMeme */ = {
			isa = PBXNativeTarget;
			buildConfigurationList = 42D196642C4FA84D00876D12 /* Build configuration list for PBXNativeTarget "YourMeme" */;
			buildPhases = (
				42D1964C2C4FA84A00876D12 /* Sources */,
				42D1964D2C4FA84A00876D12 /* Frameworks */,
				42D1964E2C4FA84A00876D12 /* Resources */,
			);
			buildRules = (
			);
			dependencies = (
			);
			name = YourMeme;
			productName = YourMeme;
			productReference = 42D196502C4FA84A00876D12 /* YourMeme.app */;
			productType = "com.apple.product-type.application";
		};
/* End PBXNativeTarget section */

/* Begin PBXProject section */
		42D196482C4FA84A00876D12 /* Project object */ = {
			isa = PBXProject;
			attributes = {
				BuildIndependentTargetsInParallel = 1;
				LastSwiftUpdateCheck = 1540;
				LastUpgradeCheck = 1540;
				TargetAttributes = {
					42D1964F2C4FA84A00876D12 = {
						CreatedOnToolsVersion = 15.4;
					};
				};
			};
			buildConfigurationList = 42D1964B2C4FA84A00876D12 /* Build configuration list for PBXProject "YourMeme" */;
			compatibilityVersion = "Xcode 14.0";
			developmentRegion = en;
			hasScannedForEncodings = 0;
			knownRegions = (
				en,
				Base,
			);
			mainGroup = 42D196472C4FA84A00876D12;
			productRefGroup = 42D196512C4FA84A00876D12 /* Products */;
			projectDirPath = "";
			projectRoot = "";
			targets = (
				42D1964F2C4FA84A00876D12 /* YourMeme */,
			);
		};
/* End PBXProject section */

/* Begin PBXResourcesBuildPhase section */
		42D1964E2C4FA84A00876D12 /* Resources */ = {
			isa = PBXResourcesBuildPhase;
			buildActionMask = 2147483647;
			files = (
				42D1965D2C4FA84D00876D12 /* Assets.xcassets in Resources */,
				429EFD9F2C60C71B00E04E90 /* .gitignore in Resources */,
				42D196602C4FA84D00876D12 /* Base in Resources */,
			);
			runOnlyForDeploymentPostprocessing = 0;
		};
/* End PBXResourcesBuildPhase section */

/* Begin PBXSourcesBuildPhase section */
		42D1964C2C4FA84A00876D12 /* Sources */ = {
			isa = PBXSourcesBuildPhase;
			buildActionMask = 2147483647;
			files = (
				42D196582C4FA84A00876D12 /* MainViewController.swift in Sources */,
				427C4E512C4FC36900826465 /* NetworkError.swift in Sources */,
				42D1966D2C4FAA0700876D12 /* MainView.swift in Sources */,
				42D196542C4FA84A00876D12 /* AppDelegate.swift in Sources */,
				427C4E5A2C4FD6B200826465 /* UIStackView + Ext.swift in Sources */,
				427C4E562C4FD51800826465 /* UIImageView + Ext.swift in Sources */,
				42A854F42C51018D005203C1 /* ViewControllerFactory.swift in Sources */,
				42E4A7BC2C69F259005682DA /* UIViewController + Ext.swift in Sources */,
				42FEEDC62C544AD60027E103 /* ListPresenter.swift in Sources */,
				42D196562C4FA84A00876D12 /* SceneDelegate.swift in Sources */,
				42E3E3E72C5136840011B6F6 /* MainViewController + Ext.swift in Sources */,
				427C4E542C4FC8EF00826465 /* UITextField + Ext.swift in Sources */,
				427C4E582C4FD58300826465 /* UIButton + Ext.swift in Sources */,
				427C4E4F2C4FC31900826465 /* NetworkService.swift in Sources */,
				42D1966F2C4FAB2D00876D12 /* ListImagesViewController.swift in Sources */,
				427C4E5E2C500BBB00826465 /* ImageModel.swift in Sources */,
				420577A22C5B80150056DE44 /* MainPresenter.swift in Sources */,
				427C4E5C2C500A9700826465 /* ListModel.swift in Sources */,
			);
			runOnlyForDeploymentPostprocessing = 0;
		};
/* End PBXSourcesBuildPhase section */

/* Begin PBXVariantGroup section */
		42D1965E2C4FA84D00876D12 /* LaunchScreen.storyboard */ = {
			isa = PBXVariantGroup;
			children = (
				42D1965F2C4FA84D00876D12 /* Base */,
			);
			name = LaunchScreen.storyboard;
			sourceTree = "<group>";
		};
/* End PBXVariantGroup section */

/* Begin XCBuildConfiguration section */
		42D196622C4FA84D00876D12 /* Debug */ = {
			isa = XCBuildConfiguration;
			buildSettings = {
				ALWAYS_SEARCH_USER_PATHS = NO;
				ASSETCATALOG_COMPILER_GENERATE_SWIFT_ASSET_SYMBOL_EXTENSIONS = YES;
				CLANG_ANALYZER_NONNULL = YES;
				CLANG_ANALYZER_NUMBER_OBJECT_CONVERSION = YES_AGGRESSIVE;
				CLANG_CXX_LANGUAGE_STANDARD = "gnu++20";
				CLANG_ENABLE_MODULES = YES;
				CLANG_ENABLE_OBJC_ARC = YES;
				CLANG_ENABLE_OBJC_WEAK = YES;
				CLANG_WARN_BLOCK_CAPTURE_AUTORELEASING = YES;
				CLANG_WARN_BOOL_CONVERSION = YES;
				CLANG_WARN_COMMA = YES;
				CLANG_WARN_CONSTANT_CONVERSION = YES;
				CLANG_WARN_DEPRECATED_OBJC_IMPLEMENTATIONS = YES;
				CLANG_WARN_DIRECT_OBJC_ISA_USAGE = YES_ERROR;
				CLANG_WARN_DOCUMENTATION_COMMENTS = YES;
				CLANG_WARN_EMPTY_BODY = YES;
				CLANG_WARN_ENUM_CONVERSION = YES;
				CLANG_WARN_INFINITE_RECURSION = YES;
				CLANG_WARN_INT_CONVERSION = YES;
				CLANG_WARN_NON_LITERAL_NULL_CONVERSION = YES;
				CLANG_WARN_OBJC_IMPLICIT_RETAIN_SELF = YES;
				CLANG_WARN_OBJC_LITERAL_CONVERSION = YES;
				CLANG_WARN_OBJC_ROOT_CLASS = YES_ERROR;
				CLANG_WARN_QUOTED_INCLUDE_IN_FRAMEWORK_HEADER = YES;
				CLANG_WARN_RANGE_LOOP_ANALYSIS = YES;
				CLANG_WARN_STRICT_PROTOTYPES = YES;
				CLANG_WARN_SUSPICIOUS_MOVE = YES;
				CLANG_WARN_UNGUARDED_AVAILABILITY = YES_AGGRESSIVE;
				CLANG_WARN_UNREACHABLE_CODE = YES;
				CLANG_WARN__DUPLICATE_METHOD_MATCH = YES;
				COPY_PHASE_STRIP = NO;
				DEBUG_INFORMATION_FORMAT = dwarf;
				ENABLE_STRICT_OBJC_MSGSEND = YES;
				ENABLE_TESTABILITY = YES;
				ENABLE_USER_SCRIPT_SANDBOXING = YES;
				GCC_C_LANGUAGE_STANDARD = gnu17;
				GCC_DYNAMIC_NO_PIC = NO;
				GCC_NO_COMMON_BLOCKS = YES;
				GCC_OPTIMIZATION_LEVEL = 0;
				GCC_PREPROCESSOR_DEFINITIONS = (
					"DEBUG=1",
					"$(inherited)",
				);
				GCC_WARN_64_TO_32_BIT_CONVERSION = YES;
				GCC_WARN_ABOUT_RETURN_TYPE = YES_ERROR;
				GCC_WARN_UNDECLARED_SELECTOR = YES;
				GCC_WARN_UNINITIALIZED_AUTOS = YES_AGGRESSIVE;
				GCC_WARN_UNUSED_FUNCTION = YES;
				GCC_WARN_UNUSED_VARIABLE = YES;
				IPHONEOS_DEPLOYMENT_TARGET = 17.5;
				LOCALIZATION_PREFERS_STRING_CATALOGS = YES;
				MTL_ENABLE_DEBUG_INFO = INCLUDE_SOURCE;
				MTL_FAST_MATH = YES;
				ONLY_ACTIVE_ARCH = YES;
				SDKROOT = iphoneos;
				SWIFT_ACTIVE_COMPILATION_CONDITIONS = "DEBUG $(inherited)";
				SWIFT_OPTIMIZATION_LEVEL = "-Onone";
			};
			name = Debug;
		};
		42D196632C4FA84D00876D12 /* Release */ = {
			isa = XCBuildConfiguration;
			buildSettings = {
				ALWAYS_SEARCH_USER_PATHS = NO;
				ASSETCATALOG_COMPILER_GENERATE_SWIFT_ASSET_SYMBOL_EXTENSIONS = YES;
				CLANG_ANALYZER_NONNULL = YES;
				CLANG_ANALYZER_NUMBER_OBJECT_CONVERSION = YES_AGGRESSIVE;
				CLANG_CXX_LANGUAGE_STANDARD = "gnu++20";
				CLANG_ENABLE_MODULES = YES;
				CLANG_ENABLE_OBJC_ARC = YES;
				CLANG_ENABLE_OBJC_WEAK = YES;
				CLANG_WARN_BLOCK_CAPTURE_AUTORELEASING = YES;
				CLANG_WARN_BOOL_CONVERSION = YES;
				CLANG_WARN_COMMA = YES;
				CLANG_WARN_CONSTANT_CONVERSION = YES;
				CLANG_WARN_DEPRECATED_OBJC_IMPLEMENTATIONS = YES;
				CLANG_WARN_DIRECT_OBJC_ISA_USAGE = YES_ERROR;
				CLANG_WARN_DOCUMENTATION_COMMENTS = YES;
				CLANG_WARN_EMPTY_BODY = YES;
				CLANG_WARN_ENUM_CONVERSION = YES;
				CLANG_WARN_INFINITE_RECURSION = YES;
				CLANG_WARN_INT_CONVERSION = YES;
				CLANG_WARN_NON_LITERAL_NULL_CONVERSION = YES;
				CLANG_WARN_OBJC_IMPLICIT_RETAIN_SELF = YES;
				CLANG_WARN_OBJC_LITERAL_CONVERSION = YES;
				CLANG_WARN_OBJC_ROOT_CLASS = YES_ERROR;
				CLANG_WARN_QUOTED_INCLUDE_IN_FRAMEWORK_HEADER = YES;
				CLANG_WARN_RANGE_LOOP_ANALYSIS = YES;
				CLANG_WARN_STRICT_PROTOTYPES = YES;
				CLANG_WARN_SUSPICIOUS_MOVE = YES;
				CLANG_WARN_UNGUARDED_AVAILABILITY = YES_AGGRESSIVE;
				CLANG_WARN_UNREACHABLE_CODE = YES;
				CLANG_WARN__DUPLICATE_METHOD_MATCH = YES;
				COPY_PHASE_STRIP = NO;
				DEBUG_INFORMATION_FORMAT = "dwarf-with-dsym";
				ENABLE_NS_ASSERTIONS = NO;
				ENABLE_STRICT_OBJC_MSGSEND = YES;
				ENABLE_USER_SCRIPT_SANDBOXING = YES;
				GCC_C_LANGUAGE_STANDARD = gnu17;
				GCC_NO_COMMON_BLOCKS = YES;
				GCC_WARN_64_TO_32_BIT_CONVERSION = YES;
				GCC_WARN_ABOUT_RETURN_TYPE = YES_ERROR;
				GCC_WARN_UNDECLARED_SELECTOR = YES;
				GCC_WARN_UNINITIALIZED_AUTOS = YES_AGGRESSIVE;
				GCC_WARN_UNUSED_FUNCTION = YES;
				GCC_WARN_UNUSED_VARIABLE = YES;
				IPHONEOS_DEPLOYMENT_TARGET = 17.5;
				LOCALIZATION_PREFERS_STRING_CATALOGS = YES;
				MTL_ENABLE_DEBUG_INFO = NO;
				MTL_FAST_MATH = YES;
				SDKROOT = iphoneos;
				SWIFT_COMPILATION_MODE = wholemodule;
				VALIDATE_PRODUCT = YES;
			};
			name = Release;
		};
		42D196652C4FA84D00876D12 /* Debug */ = {
			isa = XCBuildConfiguration;
			buildSettings = {
				ASSETCATALOG_COMPILER_APPICON_NAME = AppIcon;
				ASSETCATALOG_COMPILER_GLOBAL_ACCENT_COLOR_NAME = AccentColor;
				CODE_SIGN_STYLE = Automatic;
				CURRENT_PROJECT_VERSION = 1;
				DEVELOPMENT_TEAM = 2XTHZJR8RY;
				GENERATE_INFOPLIST_FILE = YES;
				INFOPLIST_FILE = YourMeme/SupportingFiles/Info.plist;
				INFOPLIST_KEY_UIApplicationSupportsIndirectInputEvents = YES;
				INFOPLIST_KEY_UILaunchStoryboardName = LaunchScreen;
				INFOPLIST_KEY_UISupportedInterfaceOrientations = UIInterfaceOrientationPortrait;
				IPHONEOS_DEPLOYMENT_TARGET = 16.0;
				LD_RUNPATH_SEARCH_PATHS = (
					"$(inherited)",
					"@executable_path/Frameworks",
				);
				MARKETING_VERSION = 1.0;
				PRODUCT_BUNDLE_IDENTIFIER = com.alekseySolovey.YourMeme;
				PRODUCT_NAME = "$(TARGET_NAME)";
				SUPPORTED_PLATFORMS = "iphoneos iphonesimulator";
				SUPPORTS_MACCATALYST = NO;
				SUPPORTS_MAC_DESIGNED_FOR_IPHONE_IPAD = NO;
				SUPPORTS_XR_DESIGNED_FOR_IPHONE_IPAD = NO;
				SWIFT_EMIT_LOC_STRINGS = YES;
				SWIFT_VERSION = 5.0;
				TARGETED_DEVICE_FAMILY = 1;
			};
			name = Debug;
		};
		42D196662C4FA84D00876D12 /* Release */ = {
			isa = XCBuildConfiguration;
			buildSettings = {
				ASSETCATALOG_COMPILER_APPICON_NAME = AppIcon;
				ASSETCATALOG_COMPILER_GLOBAL_ACCENT_COLOR_NAME = AccentColor;
				CODE_SIGN_STYLE = Automatic;
				CURRENT_PROJECT_VERSION = 1;
				DEVELOPMENT_TEAM = 2XTHZJR8RY;
				GENERATE_INFOPLIST_FILE = YES;
				INFOPLIST_FILE = YourMeme/SupportingFiles/Info.plist;
				INFOPLIST_KEY_UIApplicationSupportsIndirectInputEvents = YES;
				INFOPLIST_KEY_UILaunchStoryboardName = LaunchScreen;
				INFOPLIST_KEY_UISupportedInterfaceOrientations = UIInterfaceOrientationPortrait;
				IPHONEOS_DEPLOYMENT_TARGET = 16.0;
				LD_RUNPATH_SEARCH_PATHS = (
					"$(inherited)",
					"@executable_path/Frameworks",
				);
				MARKETING_VERSION = 1.0;
				PRODUCT_BUNDLE_IDENTIFIER = com.alekseySolovey.YourMeme;
				PRODUCT_NAME = "$(TARGET_NAME)";
				SUPPORTED_PLATFORMS = "iphoneos iphonesimulator";
				SUPPORTS_MACCATALYST = NO;
				SUPPORTS_MAC_DESIGNED_FOR_IPHONE_IPAD = NO;
				SUPPORTS_XR_DESIGNED_FOR_IPHONE_IPAD = NO;
				SWIFT_EMIT_LOC_STRINGS = YES;
				SWIFT_VERSION = 5.0;
				TARGETED_DEVICE_FAMILY = 1;
			};
			name = Release;
		};
/* End XCBuildConfiguration section */

/* Begin XCConfigurationList section */
		42D1964B2C4FA84A00876D12 /* Build configuration list for PBXProject "YourMeme" */ = {
			isa = XCConfigurationList;
			buildConfigurations = (
				42D196622C4FA84D00876D12 /* Debug */,
				42D196632C4FA84D00876D12 /* Release */,
			);
			defaultConfigurationIsVisible = 0;
			defaultConfigurationName = Release;
		};
		42D196642C4FA84D00876D12 /* Build configuration list for PBXNativeTarget "YourMeme" */ = {
			isa = XCConfigurationList;
			buildConfigurations = (
				42D196652C4FA84D00876D12 /* Debug */,
				42D196662C4FA84D00876D12 /* Release */,
			);
			defaultConfigurationIsVisible = 0;
			defaultConfigurationName = Release;
		};
/* End XCConfigurationList section */
	};
	rootObject = 42D196482C4FA84A00876D12 /* Project object */;
}
